
Microsoft Visual Studio Solution File, Format Version 12.00
# Visual Studio Version 16
VisualStudioVersion = 16.0.31005.135
MinimumVisualStudioVersion = 10.0.40219.1
Project("{FAE04EC0-301F-11D3-BF4B-00C04F79EFBC}") = "cv", "cv\cv.csproj", "{6900A63F-40B2-4F0A-BD22-7EE99CA13B0D}"
EndProject
Global
	GlobalSection(SolutionConfigurationPlatforms) = preSolution
		Debug|Any CPU = Debug|Any CPU
		Release|Any CPU = Release|Any CPU
	EndGlobalSection
	GlobalSection(ProjectConfigurationPlatforms) = postSolution
		{6900A63F-40B2-4F0A-BD22-7EE99CA13B0D}.Debug|Any CPU.ActiveCfg = Debug|Any CPU
		{6900A63F-40B2-4F0A-BD22-7EE99CA13B0D}.Debug|Any CPU.Build.0 = Debug|Any CPU
		{6900A63F-40B2-4F0A-BD22-7EE99CA13B0D}.Release|Any CPU.ActiveCfg = Release|Any CPU
		{6900A63F-40B2-4F0A-BD22-7EE99CA13B0D}.Release|Any CPU.Build.0 = Release|Any CPU
	EndGlobalSection
	GlobalSection(SolutionProperties) = preSolution
		HideSolutionNode = FALSE
	EndGlobalSection
	GlobalSection(ExtensibilityGlobals) = postSolution
		SolutionGuid = {CE9AE258-9CF6-4C54-9518-053634D5AD67}
	EndGlobalSection
EndGlobal
