
Microsoft Visual Studio Solution File, Format Version 12.00
# Visual Studio Version 16
VisualStudioVersion = 16.0.31005.135
MinimumVisualStudioVersion = 10.0.40219.1
Project("{FAE04EC0-301F-11D3-BF4B-00C04F79EFBC}") = "linq_lekerdezes", "linq_lekerdezes\linq_lekerdezes.csproj", "{5E6BA546-59C8-4FE5-A2CF-6C0DEA253E25}"
EndProject
Global
	GlobalSection(SolutionConfigurationPlatforms) = preSolution
		Debug|Any CPU = Debug|Any CPU
		Release|Any CPU = Release|Any CPU
	EndGlobalSection
	GlobalSection(ProjectConfigurationPlatforms) = postSolution
		{5E6BA546-59C8-4FE5-A2CF-6C0DEA253E25}.Debug|Any CPU.ActiveCfg = Debug|Any CPU
		{5E6BA546-59C8-4FE5-A2CF-6C0DEA253E25}.Debug|Any CPU.Build.0 = Debug|Any CPU
		{5E6BA546-59C8-4FE5-A2CF-6C0DEA253E25}.Release|Any CPU.ActiveCfg = Release|Any CPU
		{5E6BA546-59C8-4FE5-A2CF-6C0DEA253E25}.Release|Any CPU.Build.0 = Release|Any CPU
	EndGlobalSection
	GlobalSection(SolutionProperties) = preSolution
		HideSolutionNode = FALSE
	EndGlobalSection
	GlobalSection(ExtensibilityGlobals) = postSolution
		SolutionGuid = {8EF880BE-5741-427F-8966-AEE94F7F2D25}
	EndGlobalSection
EndGlobal
